
Microsoft Visual Studio Solution File, Format Version 12.00
# Visual Studio Version 16
VisualStudioVersion = 16.0.30114.105
MinimumVisualStudioVersion = 10.0.40219.1
Project("{2150E333-8FDC-42A3-9474-1A3956D46DE8}") = "AppHosts", "AppHosts", "{9E885BE5-B6D9-4CB4-A4AC-764EA2BFA9E4}"
EndProject
Project("{FAE04EC0-301F-11D3-BF4B-00C04F79EFBC}") = "RichTextEditor.BlazorServerSide", "RichTextEditor.BlazorServerSide\RichTextEditor.BlazorServerSide.csproj", "{504BF455-733F-4662-8067-FDE6D592722A}"
EndProject
Project("{FAE04EC0-301F-11D3-BF4B-00C04F79EFBC}") = "RichTextEditor.WebAssembly", "RichTextEditor.WebAssembly\RichTextEditor.WebAssembly.csproj", "{923FF6F3-3FE7-4B72-B37D-5E8C923A1109}"
EndProject
Project("{FAE04EC0-301F-11D3-BF4B-00C04F79EFBC}") = "RichTextEditor.Tests", "RichTextEditor.Tests\RichTextEditor.Tests.csproj", "{C83EAB8A-02A3-49F5-B66E-EA683F779063}"
EndProject
Project("{FAE04EC0-301F-11D3-BF4B-00C04F79EFBC}") = "RichTextEditor.ClassLib", "RichTextEditor.ClassLib\RichTextEditor.ClassLib.csproj", "{2EAD72C3-F75C-4EE4-8524-3F4AF3EE2F47}"
EndProject
Project("{FAE04EC0-301F-11D3-BF4B-00C04F79EFBC}") = "RichTextEditor.RazorLib", "RichTextEditor.RazorLib\RichTextEditor.RazorLib.csproj", "{40031FB3-F0D3-42F9-9F67-32F29BF7FCE4}"
EndProject
Global
	GlobalSection(SolutionConfigurationPlatforms) = preSolution
		Debug|Any CPU = Debug|Any CPU
		Release|Any CPU = Release|Any CPU
	EndGlobalSection
	GlobalSection(SolutionProperties) = preSolution
		HideSolutionNode = FALSE
	EndGlobalSection
	GlobalSection(ProjectConfigurationPlatforms) = postSolution
		{504BF455-733F-4662-8067-FDE6D592722A}.Debug|Any CPU.ActiveCfg = Debug|Any CPU
		{504BF455-733F-4662-8067-FDE6D592722A}.Debug|Any CPU.Build.0 = Debug|Any CPU
		{504BF455-733F-4662-8067-FDE6D592722A}.Release|Any CPU.ActiveCfg = Release|Any CPU
		{504BF455-733F-4662-8067-FDE6D592722A}.Release|Any CPU.Build.0 = Release|Any CPU
		{923FF6F3-3FE7-4B72-B37D-5E8C923A1109}.Debug|Any CPU.ActiveCfg = Debug|Any CPU
		{923FF6F3-3FE7-4B72-B37D-5E8C923A1109}.Debug|Any CPU.Build.0 = Debug|Any CPU
		{923FF6F3-3FE7-4B72-B37D-5E8C923A1109}.Release|Any CPU.ActiveCfg = Release|Any CPU
		{923FF6F3-3FE7-4B72-B37D-5E8C923A1109}.Release|Any CPU.Build.0 = Release|Any CPU
		{C83EAB8A-02A3-49F5-B66E-EA683F779063}.Debug|Any CPU.ActiveCfg = Debug|Any CPU
		{C83EAB8A-02A3-49F5-B66E-EA683F779063}.Debug|Any CPU.Build.0 = Debug|Any CPU
		{C83EAB8A-02A3-49F5-B66E-EA683F779063}.Release|Any CPU.ActiveCfg = Release|Any CPU
		{C83EAB8A-02A3-49F5-B66E-EA683F779063}.Release|Any CPU.Build.0 = Release|Any CPU
		{2EAD72C3-F75C-4EE4-8524-3F4AF3EE2F47}.Debug|Any CPU.ActiveCfg = Debug|Any CPU
		{2EAD72C3-F75C-4EE4-8524-3F4AF3EE2F47}.Debug|Any CPU.Build.0 = Debug|Any CPU
		{2EAD72C3-F75C-4EE4-8524-3F4AF3EE2F47}.Release|Any CPU.ActiveCfg = Release|Any CPU
		{2EAD72C3-F75C-4EE4-8524-3F4AF3EE2F47}.Release|Any CPU.Build.0 = Release|Any CPU
		{40031FB3-F0D3-42F9-9F67-32F29BF7FCE4}.Debug|Any CPU.ActiveCfg = Debug|Any CPU
		{40031FB3-F0D3-42F9-9F67-32F29BF7FCE4}.Debug|Any CPU.Build.0 = Debug|Any CPU
		{40031FB3-F0D3-42F9-9F67-32F29BF7FCE4}.Release|Any CPU.ActiveCfg = Release|Any CPU
		{40031FB3-F0D3-42F9-9F67-32F29BF7FCE4}.Release|Any CPU.Build.0 = Release|Any CPU
	EndGlobalSection
	GlobalSection(NestedProjects) = preSolution
		{504BF455-733F-4662-8067-FDE6D592722A} = {9E885BE5-B6D9-4CB4-A4AC-764EA2BFA9E4}
		{923FF6F3-3FE7-4B72-B37D-5E8C923A1109} = {9E885BE5-B6D9-4CB4-A4AC-764EA2BFA9E4}
	EndGlobalSection
EndGlobal
